// !$*UTF8*$!
{
	archiveVersion = 1;
	classes = {
	};
	objectVersion = 50;
	objects = {

/* Begin PBXBuildFile section */
		3FAFE6BEFF04E1EF82C67BCB /* Pods_Ok_Zoomer.framework in Frameworks */ = {isa = PBXBuildFile; fileRef = E6DE184710C3888F8DEFE5EE /* Pods_Ok_Zoomer.framework */; };
		8CF7AC577970C06A3FA50B69 /* Pods_Ok_Zoomer_Ok_ZoomerUITests.framework in Frameworks */ = {isa = PBXBuildFile; fileRef = BF8EAC4683375362873512E7 /* Pods_Ok_Zoomer_Ok_ZoomerUITests.framework */; };
		DB40C30E1BA029C42715CBB8 /* Pods_Ok_ZoomerTests.framework in Frameworks */ = {isa = PBXBuildFile; fileRef = F87FA8910E734BE6CD17E4B8 /* Pods_Ok_ZoomerTests.framework */; };
		F653AD4F242EBF9B00AC1B27 /* AppDelegate.swift in Sources */ = {isa = PBXBuildFile; fileRef = F653AD4E242EBF9B00AC1B27 /* AppDelegate.swift */; };
		F653AD51242EBF9B00AC1B27 /* SceneDelegate.swift in Sources */ = {isa = PBXBuildFile; fileRef = F653AD50242EBF9B00AC1B27 /* SceneDelegate.swift */; };
		F653AD54242EBF9B00AC1B27 /* Ok_Zoomer.xcdatamodeld in Sources */ = {isa = PBXBuildFile; fileRef = F653AD52242EBF9B00AC1B27 /* Ok_Zoomer.xcdatamodeld */; };
		F653AD56242EBF9B00AC1B27 /* ContentView.swift in Sources */ = {isa = PBXBuildFile; fileRef = F653AD55242EBF9B00AC1B27 /* ContentView.swift */; };
		F653AD58242EBF9D00AC1B27 /* Assets.xcassets in Resources */ = {isa = PBXBuildFile; fileRef = F653AD57242EBF9D00AC1B27 /* Assets.xcassets */; };
		F653AD5B242EBF9D00AC1B27 /* Preview Assets.xcassets in Resources */ = {isa = PBXBuildFile; fileRef = F653AD5A242EBF9D00AC1B27 /* Preview Assets.xcassets */; };
		F653AD5E242EBF9D00AC1B27 /* LaunchScreen.storyboard in Resources */ = {isa = PBXBuildFile; fileRef = F653AD5C242EBF9D00AC1B27 /* LaunchScreen.storyboard */; };
		F653AD69242EBF9E00AC1B27 /* Ok_ZoomerTests.swift in Sources */ = {isa = PBXBuildFile; fileRef = F653AD68242EBF9E00AC1B27 /* Ok_ZoomerTests.swift */; };
		F653AD74242EBF9E00AC1B27 /* Ok_ZoomerUITests.swift in Sources */ = {isa = PBXBuildFile; fileRef = F653AD73242EBF9E00AC1B27 /* Ok_ZoomerUITests.swift */; };
/* End PBXBuildFile section */

/* Begin PBXContainerItemProxy section */
		F653AD65242EBF9E00AC1B27 /* PBXContainerItemProxy */ = {
			isa = PBXContainerItemProxy;
			containerPortal = F653AD43242EBF9B00AC1B27 /* Project object */;
			proxyType = 1;
			remoteGlobalIDString = F653AD4A242EBF9B00AC1B27;
			remoteInfo = "Ok Zoomer";
		};
		F653AD70242EBF9E00AC1B27 /* PBXContainerItemProxy */ = {
			isa = PBXContainerItemProxy;
			containerPortal = F653AD43242EBF9B00AC1B27 /* Project object */;
			proxyType = 1;
			remoteGlobalIDString = F653AD4A242EBF9B00AC1B27;
			remoteInfo = "Ok Zoomer";
		};
/* End PBXContainerItemProxy section */

/* Begin PBXFileReference section */
		00FBBC3079DF47D589E67407 /* Pods-Ok Zoomer.debug.xcconfig */ = {isa = PBXFileReference; includeInIndex = 1; lastKnownFileType = text.xcconfig; name = "Pods-Ok Zoomer.debug.xcconfig"; path = "Target Support Files/Pods-Ok Zoomer/Pods-Ok Zoomer.debug.xcconfig"; sourceTree = "<group>"; };
		0FA2A837209B6588E32EE852 /* Pods-Ok Zoomer.release.xcconfig */ = {isa = PBXFileReference; includeInIndex = 1; lastKnownFileType = text.xcconfig; name = "Pods-Ok Zoomer.release.xcconfig"; path = "Target Support Files/Pods-Ok Zoomer/Pods-Ok Zoomer.release.xcconfig"; sourceTree = "<group>"; };
		115D195AFD607A72D0362AF4 /* Pods-Ok Zoomer-Ok ZoomerUITests.release.xcconfig */ = {isa = PBXFileReference; includeInIndex = 1; lastKnownFileType = text.xcconfig; name = "Pods-Ok Zoomer-Ok ZoomerUITests.release.xcconfig"; path = "Target Support Files/Pods-Ok Zoomer-Ok ZoomerUITests/Pods-Ok Zoomer-Ok ZoomerUITests.release.xcconfig"; sourceTree = "<group>"; };
		5E77376E9BDF08076A9E9B1A /* Pods-Ok ZoomerTests.release.xcconfig */ = {isa = PBXFileReference; includeInIndex = 1; lastKnownFileType = text.xcconfig; name = "Pods-Ok ZoomerTests.release.xcconfig"; path = "Target Support Files/Pods-Ok ZoomerTests/Pods-Ok ZoomerTests.release.xcconfig"; sourceTree = "<group>"; };
		A28D90EE40C8F62677D9AEF8 /* Pods-Ok Zoomer-Ok ZoomerUITests.debug.xcconfig */ = {isa = PBXFileReference; includeInIndex = 1; lastKnownFileType = text.xcconfig; name = "Pods-Ok Zoomer-Ok ZoomerUITests.debug.xcconfig"; path = "Target Support Files/Pods-Ok Zoomer-Ok ZoomerUITests/Pods-Ok Zoomer-Ok ZoomerUITests.debug.xcconfig"; sourceTree = "<group>"; };
		B00ED82B091DCECEF905551F /* Pods-Ok ZoomerTests.debug.xcconfig */ = {isa = PBXFileReference; includeInIndex = 1; lastKnownFileType = text.xcconfig; name = "Pods-Ok ZoomerTests.debug.xcconfig"; path = "Target Support Files/Pods-Ok ZoomerTests/Pods-Ok ZoomerTests.debug.xcconfig"; sourceTree = "<group>"; };
		BF8EAC4683375362873512E7 /* Pods_Ok_Zoomer_Ok_ZoomerUITests.framework */ = {isa = PBXFileReference; explicitFileType = wrapper.framework; includeInIndex = 0; path = Pods_Ok_Zoomer_Ok_ZoomerUITests.framework; sourceTree = BUILT_PRODUCTS_DIR; };
		E6DE184710C3888F8DEFE5EE /* Pods_Ok_Zoomer.framework */ = {isa = PBXFileReference; explicitFileType = wrapper.framework; includeInIndex = 0; path = Pods_Ok_Zoomer.framework; sourceTree = BUILT_PRODUCTS_DIR; };
		F653AD4B242EBF9B00AC1B27 /* Ok Zoomer.app */ = {isa = PBXFileReference; explicitFileType = wrapper.application; includeInIndex = 0; path = "Ok Zoomer.app"; sourceTree = BUILT_PRODUCTS_DIR; };
		F653AD4E242EBF9B00AC1B27 /* AppDelegate.swift */ = {isa = PBXFileReference; lastKnownFileType = sourcecode.swift; path = AppDelegate.swift; sourceTree = "<group>"; };
		F653AD50242EBF9B00AC1B27 /* SceneDelegate.swift */ = {isa = PBXFileReference; lastKnownFileType = sourcecode.swift; path = SceneDelegate.swift; sourceTree = "<group>"; };
		F653AD53242EBF9B00AC1B27 /* Ok_Zoomer.xcdatamodel */ = {isa = PBXFileReference; lastKnownFileType = wrapper.xcdatamodel; path = Ok_Zoomer.xcdatamodel; sourceTree = "<group>"; };
		F653AD55242EBF9B00AC1B27 /* ContentView.swift */ = {isa = PBXFileReference; lastKnownFileType = sourcecode.swift; path = ContentView.swift; sourceTree = "<group>"; };
		F653AD57242EBF9D00AC1B27 /* Assets.xcassets */ = {isa = PBXFileReference; lastKnownFileType = folder.assetcatalog; path = Assets.xcassets; sourceTree = "<group>"; };
		F653AD5A242EBF9D00AC1B27 /* Preview Assets.xcassets */ = {isa = PBXFileReference; lastKnownFileType = folder.assetcatalog; path = "Preview Assets.xcassets"; sourceTree = "<group>"; };
		F653AD5D242EBF9D00AC1B27 /* Base */ = {isa = PBXFileReference; lastKnownFileType = file.storyboard; name = Base; path = Base.lproj/LaunchScreen.storyboard; sourceTree = "<group>"; };
		F653AD5F242EBF9D00AC1B27 /* Info.plist */ = {isa = PBXFileReference; lastKnownFileType = text.plist.xml; path = Info.plist; sourceTree = "<group>"; };
		F653AD64242EBF9E00AC1B27 /* Ok ZoomerTests.xctest */ = {isa = PBXFileReference; explicitFileType = wrapper.cfbundle; includeInIndex = 0; path = "Ok ZoomerTests.xctest"; sourceTree = BUILT_PRODUCTS_DIR; };
		F653AD68242EBF9E00AC1B27 /* Ok_ZoomerTests.swift */ = {isa = PBXFileReference; lastKnownFileType = sourcecode.swift; path = Ok_ZoomerTests.swift; sourceTree = "<group>"; };
		F653AD6A242EBF9E00AC1B27 /* Info.plist */ = {isa = PBXFileReference; lastKnownFileType = text.plist.xml; path = Info.plist; sourceTree = "<group>"; };
		F653AD6F242EBF9E00AC1B27 /* Ok ZoomerUITests.xctest */ = {isa = PBXFileReference; explicitFileType = wrapper.cfbundle; includeInIndex = 0; path = "Ok ZoomerUITests.xctest"; sourceTree = BUILT_PRODUCTS_DIR; };
		F653AD73242EBF9E00AC1B27 /* Ok_ZoomerUITests.swift */ = {isa = PBXFileReference; lastKnownFileType = sourcecode.swift; path = Ok_ZoomerUITests.swift; sourceTree = "<group>"; };
		F653AD75242EBF9E00AC1B27 /* Info.plist */ = {isa = PBXFileReference; lastKnownFileType = text.plist.xml; path = Info.plist; sourceTree = "<group>"; };
		F87FA8910E734BE6CD17E4B8 /* Pods_Ok_ZoomerTests.framework */ = {isa = PBXFileReference; explicitFileType = wrapper.framework; includeInIndex = 0; path = Pods_Ok_ZoomerTests.framework; sourceTree = BUILT_PRODUCTS_DIR; };
/* End PBXFileReference section */

/* Begin PBXFrameworksBuildPhase section */
		F653AD48242EBF9B00AC1B27 /* Frameworks */ = {
			isa = PBXFrameworksBuildPhase;
			buildActionMask = 2147483647;
			files = (
				3FAFE6BEFF04E1EF82C67BCB /* Pods_Ok_Zoomer.framework in Frameworks */,
			);
			runOnlyForDeploymentPostprocessing = 0;
		};
		F653AD61242EBF9E00AC1B27 /* Frameworks */ = {
			isa = PBXFrameworksBuildPhase;
			buildActionMask = 2147483647;
			files = (
				DB40C30E1BA029C42715CBB8 /* Pods_Ok_ZoomerTests.framework in Frameworks */,
			);
			runOnlyForDeploymentPostprocessing = 0;
		};
		F653AD6C242EBF9E00AC1B27 /* Frameworks */ = {
			isa = PBXFrameworksBuildPhase;
			buildActionMask = 2147483647;
			files = (
				8CF7AC577970C06A3FA50B69 /* Pods_Ok_Zoomer_Ok_ZoomerUITests.framework in Frameworks */,
			);
			runOnlyForDeploymentPostprocessing = 0;
		};
/* End PBXFrameworksBuildPhase section */

/* Begin PBXGroup section */
		3C2666304D8381348FF1736D /* Pods */ = {
			isa = PBXGroup;
			children = (
				00FBBC3079DF47D589E67407 /* Pods-Ok Zoomer.debug.xcconfig */,
				0FA2A837209B6588E32EE852 /* Pods-Ok Zoomer.release.xcconfig */,
				A28D90EE40C8F62677D9AEF8 /* Pods-Ok Zoomer-Ok ZoomerUITests.debug.xcconfig */,
				115D195AFD607A72D0362AF4 /* Pods-Ok Zoomer-Ok ZoomerUITests.release.xcconfig */,
				B00ED82B091DCECEF905551F /* Pods-Ok ZoomerTests.debug.xcconfig */,
				5E77376E9BDF08076A9E9B1A /* Pods-Ok ZoomerTests.release.xcconfig */,
			);
			name = Pods;
			path = Pods;
			sourceTree = "<group>";
		};
		6C3CF48451E5A8BBF1234A13 /* Frameworks */ = {
			isa = PBXGroup;
			children = (
				E6DE184710C3888F8DEFE5EE /* Pods_Ok_Zoomer.framework */,
				BF8EAC4683375362873512E7 /* Pods_Ok_Zoomer_Ok_ZoomerUITests.framework */,
				F87FA8910E734BE6CD17E4B8 /* Pods_Ok_ZoomerTests.framework */,
			);
			name = Frameworks;
			sourceTree = "<group>";
		};
		F653AD42242EBF9B00AC1B27 = {
			isa = PBXGroup;
			children = (
				F653AD4D242EBF9B00AC1B27 /* Ok Zoomer */,
				F653AD67242EBF9E00AC1B27 /* Ok ZoomerTests */,
				F653AD72242EBF9E00AC1B27 /* Ok ZoomerUITests */,
				F653AD4C242EBF9B00AC1B27 /* Products */,
				3C2666304D8381348FF1736D /* Pods */,
				6C3CF48451E5A8BBF1234A13 /* Frameworks */,
			);
			sourceTree = "<group>";
		};
		F653AD4C242EBF9B00AC1B27 /* Products */ = {
			isa = PBXGroup;
			children = (
				F653AD4B242EBF9B00AC1B27 /* Ok Zoomer.app */,
				F653AD64242EBF9E00AC1B27 /* Ok ZoomerTests.xctest */,
				F653AD6F242EBF9E00AC1B27 /* Ok ZoomerUITests.xctest */,
			);
			name = Products;
			sourceTree = "<group>";
		};
		F653AD4D242EBF9B00AC1B27 /* Ok Zoomer */ = {
			isa = PBXGroup;
			children = (
				F653AD4E242EBF9B00AC1B27 /* AppDelegate.swift */,
				F653AD50242EBF9B00AC1B27 /* SceneDelegate.swift */,
				F653AD55242EBF9B00AC1B27 /* ContentView.swift */,
				F653AD57242EBF9D00AC1B27 /* Assets.xcassets */,
				F653AD5C242EBF9D00AC1B27 /* LaunchScreen.storyboard */,
				F653AD5F242EBF9D00AC1B27 /* Info.plist */,
				F653AD52242EBF9B00AC1B27 /* Ok_Zoomer.xcdatamodeld */,
				F653AD59242EBF9D00AC1B27 /* Preview Content */,
			);
			path = "Ok Zoomer";
			sourceTree = "<group>";
		};
		F653AD59242EBF9D00AC1B27 /* Preview Content */ = {
			isa = PBXGroup;
			children = (
				F653AD5A242EBF9D00AC1B27 /* Preview Assets.xcassets */,
			);
			path = "Preview Content";
			sourceTree = "<group>";
		};
		F653AD67242EBF9E00AC1B27 /* Ok ZoomerTests */ = {
			isa = PBXGroup;
			children = (
				F653AD68242EBF9E00AC1B27 /* Ok_ZoomerTests.swift */,
				F653AD6A242EBF9E00AC1B27 /* Info.plist */,
			);
			path = "Ok ZoomerTests";
			sourceTree = "<group>";
		};
		F653AD72242EBF9E00AC1B27 /* Ok ZoomerUITests */ = {
			isa = PBXGroup;
			children = (
				F653AD73242EBF9E00AC1B27 /* Ok_ZoomerUITests.swift */,
				F653AD75242EBF9E00AC1B27 /* Info.plist */,
			);
			path = "Ok ZoomerUITests";
			sourceTree = "<group>";
		};
/* End PBXGroup section */

/* Begin PBXNativeTarget section */
		F653AD4A242EBF9B00AC1B27 /* Ok Zoomer */ = {
			isa = PBXNativeTarget;
			buildConfigurationList = F653AD78242EBF9E00AC1B27 /* Build configuration list for PBXNativeTarget "Ok Zoomer" */;
			buildPhases = (
				67B20BF971C84059104C7227 /* [CP] Check Pods Manifest.lock */,
				F653AD47242EBF9B00AC1B27 /* Sources */,
				F653AD48242EBF9B00AC1B27 /* Frameworks */,
				F653AD49242EBF9B00AC1B27 /* Resources */,
				BCC2306435E5404E33EC6F11 /* [CP] Embed Pods Frameworks */,
			);
			buildRules = (
			);
			dependencies = (
			);
			name = "Ok Zoomer";
			productName = "Ok Zoomer";
			productReference = F653AD4B242EBF9B00AC1B27 /* Ok Zoomer.app */;
			productType = "com.apple.product-type.application";
		};
		F653AD63242EBF9E00AC1B27 /* Ok ZoomerTests */ = {
			isa = PBXNativeTarget;
			buildConfigurationList = F653AD7B242EBF9E00AC1B27 /* Build configuration list for PBXNativeTarget "Ok ZoomerTests" */;
			buildPhases = (
				1DE65632E86B6DAC10AB73DE /* [CP] Check Pods Manifest.lock */,
				F653AD60242EBF9E00AC1B27 /* Sources */,
				F653AD61242EBF9E00AC1B27 /* Frameworks */,
				F653AD62242EBF9E00AC1B27 /* Resources */,
			);
			buildRules = (
			);
			dependencies = (
				F653AD66242EBF9E00AC1B27 /* PBXTargetDependency */,
			);
			name = "Ok ZoomerTests";
			productName = "Ok ZoomerTests";
			productReference = F653AD64242EBF9E00AC1B27 /* Ok ZoomerTests.xctest */;
			productType = "com.apple.product-type.bundle.unit-test";
		};
		F653AD6E242EBF9E00AC1B27 /* Ok ZoomerUITests */ = {
			isa = PBXNativeTarget;
			buildConfigurationList = F653AD7E242EBF9E00AC1B27 /* Build configuration list for PBXNativeTarget "Ok ZoomerUITests" */;
			buildPhases = (
				8C63E10C74BFDB74FBDE6416 /* [CP] Check Pods Manifest.lock */,
				F653AD6B242EBF9E00AC1B27 /* Sources */,
				F653AD6C242EBF9E00AC1B27 /* Frameworks */,
				F653AD6D242EBF9E00AC1B27 /* Resources */,
				7CE053AC144C00464A70DB25 /* [CP] Embed Pods Frameworks */,
			);
			buildRules = (
			);
			dependencies = (
				F653AD71242EBF9E00AC1B27 /* PBXTargetDependency */,
			);
			name = "Ok ZoomerUITests";
			productName = "Ok ZoomerUITests";
			productReference = F653AD6F242EBF9E00AC1B27 /* Ok ZoomerUITests.xctest */;
			productType = "com.apple.product-type.bundle.ui-testing";
		};
/* End PBXNativeTarget section */

/* Begin PBXProject section */
		F653AD43242EBF9B00AC1B27 /* Project object */ = {
			isa = PBXProject;
			attributes = {
				LastSwiftUpdateCheck = 1130;
				LastUpgradeCheck = 1130;
				ORGANIZATIONNAME = "Max Gillespie";
				TargetAttributes = {
					F653AD4A242EBF9B00AC1B27 = {
						CreatedOnToolsVersion = 11.3.1;
					};
					F653AD63242EBF9E00AC1B27 = {
						CreatedOnToolsVersion = 11.3.1;
						TestTargetID = F653AD4A242EBF9B00AC1B27;
					};
					F653AD6E242EBF9E00AC1B27 = {
						CreatedOnToolsVersion = 11.3.1;
						TestTargetID = F653AD4A242EBF9B00AC1B27;
					};
				};
			};
			buildConfigurationList = F653AD46242EBF9B00AC1B27 /* Build configuration list for PBXProject "Ok Zoomer" */;
			compatibilityVersion = "Xcode 9.3";
			developmentRegion = en;
			hasScannedForEncodings = 0;
			knownRegions = (
				en,
				Base,
			);
			mainGroup = F653AD42242EBF9B00AC1B27;
			productRefGroup = F653AD4C242EBF9B00AC1B27 /* Products */;
			projectDirPath = "";
			projectRoot = "";
			targets = (
				F653AD4A242EBF9B00AC1B27 /* Ok Zoomer */,
				F653AD63242EBF9E00AC1B27 /* Ok ZoomerTests */,
				F653AD6E242EBF9E00AC1B27 /* Ok ZoomerUITests */,
			);
		};
/* End PBXProject section */

/* Begin PBXResourcesBuildPhase section */
		F653AD49242EBF9B00AC1B27 /* Resources */ = {
			isa = PBXResourcesBuildPhase;
			buildActionMask = 2147483647;
			files = (
				F653AD5E242EBF9D00AC1B27 /* LaunchScreen.storyboard in Resources */,
				F653AD5B242EBF9D00AC1B27 /* Preview Assets.xcassets in Resources */,
				F653AD58242EBF9D00AC1B27 /* Assets.xcassets in Resources */,
			);
			runOnlyForDeploymentPostprocessing = 0;
		};
		F653AD62242EBF9E00AC1B27 /* Resources */ = {
			isa = PBXResourcesBuildPhase;
			buildActionMask = 2147483647;
			files = (
			);
			runOnlyForDeploymentPostprocessing = 0;
		};
		F653AD6D242EBF9E00AC1B27 /* Resources */ = {
			isa = PBXResourcesBuildPhase;
			buildActionMask = 2147483647;
			files = (
			);
			runOnlyForDeploymentPostprocessing = 0;
		};
/* End PBXResourcesBuildPhase section */

/* Begin PBXShellScriptBuildPhase section */
		1DE65632E86B6DAC10AB73DE /* [CP] Check Pods Manifest.lock */ = {
			isa = PBXShellScriptBuildPhase;
			buildActionMask = 2147483647;
			files = (
			);
			inputFileListPaths = (
			);
			inputPaths = (
				"${PODS_PODFILE_DIR_PATH}/Podfile.lock",
				"${PODS_ROOT}/Manifest.lock",
			);
			name = "[CP] Check Pods Manifest.lock";
			outputFileListPaths = (
			);
			outputPaths = (
				"$(DERIVED_FILE_DIR)/Pods-Ok ZoomerTests-checkManifestLockResult.txt",
			);
			runOnlyForDeploymentPostprocessing = 0;
			shellPath = /bin/sh;
			shellScript = "diff \"${PODS_PODFILE_DIR_PATH}/Podfile.lock\" \"${PODS_ROOT}/Manifest.lock\" > /dev/null\nif [ $? != 0 ] ; then\n    # print error to STDERR\n    echo \"error: The sandbox is not in sync with the Podfile.lock. Run 'pod install' or update your CocoaPods installation.\" >&2\n    exit 1\nfi\n# This output is used by Xcode 'outputs' to avoid re-running this script phase.\necho \"SUCCESS\" > \"${SCRIPT_OUTPUT_FILE_0}\"\n";
			showEnvVarsInLog = 0;
		};
		67B20BF971C84059104C7227 /* [CP] Check Pods Manifest.lock */ = {
			isa = PBXShellScriptBuildPhase;
			buildActionMask = 2147483647;
			files = (
			);
			inputFileListPaths = (
			);
			inputPaths = (
				"${PODS_PODFILE_DIR_PATH}/Podfile.lock",
				"${PODS_ROOT}/Manifest.lock",
			);
			name = "[CP] Check Pods Manifest.lock";
			outputFileListPaths = (
			);
			outputPaths = (
				"$(DERIVED_FILE_DIR)/Pods-Ok Zoomer-checkManifestLockResult.txt",
			);
			runOnlyForDeploymentPostprocessing = 0;
			shellPath = /bin/sh;
			shellScript = "diff \"${PODS_PODFILE_DIR_PATH}/Podfile.lock\" \"${PODS_ROOT}/Manifest.lock\" > /dev/null\nif [ $? != 0 ] ; then\n    # print error to STDERR\n    echo \"error: The sandbox is not in sync with the Podfile.lock. Run 'pod install' or update your CocoaPods installation.\" >&2\n    exit 1\nfi\n# This output is used by Xcode 'outputs' to avoid re-running this script phase.\necho \"SUCCESS\" > \"${SCRIPT_OUTPUT_FILE_0}\"\n";
			showEnvVarsInLog = 0;
		};
		7CE053AC144C00464A70DB25 /* [CP] Embed Pods Frameworks */ = {
			isa = PBXShellScriptBuildPhase;
			buildActionMask = 2147483647;
			files = (
			);
			inputFileListPaths = (
				"${PODS_ROOT}/Target Support Files/Pods-Ok Zoomer-Ok ZoomerUITests/Pods-Ok Zoomer-Ok ZoomerUITests-frameworks-${CONFIGURATION}-input-files.xcfilelist",
			);
			name = "[CP] Embed Pods Frameworks";
			outputFileListPaths = (
				"${PODS_ROOT}/Target Support Files/Pods-Ok Zoomer-Ok ZoomerUITests/Pods-Ok Zoomer-Ok ZoomerUITests-frameworks-${CONFIGURATION}-output-files.xcfilelist",
			);
			runOnlyForDeploymentPostprocessing = 0;
			shellPath = /bin/sh;
			shellScript = "\"${PODS_ROOT}/Target Support Files/Pods-Ok Zoomer-Ok ZoomerUITests/Pods-Ok Zoomer-Ok ZoomerUITests-frameworks.sh\"\n";
			showEnvVarsInLog = 0;
		};
		8C63E10C74BFDB74FBDE6416 /* [CP] Check Pods Manifest.lock */ = {
			isa = PBXShellScriptBuildPhase;
			buildActionMask = 2147483647;
			files = (
			);
			inputFileListPaths = (
			);
			inputPaths = (
				"${PODS_PODFILE_DIR_PATH}/Podfile.lock",
				"${PODS_ROOT}/Manifest.lock",
			);
			name = "[CP] Check Pods Manifest.lock";
			outputFileListPaths = (
			);
			outputPaths = (
				"$(DERIVED_FILE_DIR)/Pods-Ok Zoomer-Ok ZoomerUITests-checkManifestLockResult.txt",
			);
			runOnlyForDeploymentPostprocessing = 0;
			shellPath = /bin/sh;
			shellScript = "diff \"${PODS_PODFILE_DIR_PATH}/Podfile.lock\" \"${PODS_ROOT}/Manifest.lock\" > /dev/null\nif [ $? != 0 ] ; then\n    # print error to STDERR\n    echo \"error: The sandbox is not in sync with the Podfile.lock. Run 'pod install' or update your CocoaPods installation.\" >&2\n    exit 1\nfi\n# This output is used by Xcode 'outputs' to avoid re-running this script phase.\necho \"SUCCESS\" > \"${SCRIPT_OUTPUT_FILE_0}\"\n";
			showEnvVarsInLog = 0;
		};
		BCC2306435E5404E33EC6F11 /* [CP] Embed Pods Frameworks */ = {
			isa = PBXShellScriptBuildPhase;
			buildActionMask = 2147483647;
			files = (
			);
			inputFileListPaths = (
				"${PODS_ROOT}/Target Support Files/Pods-Ok Zoomer/Pods-Ok Zoomer-frameworks-${CONFIGURATION}-input-files.xcfilelist",
			);
			name = "[CP] Embed Pods Frameworks";
			outputFileListPaths = (
				"${PODS_ROOT}/Target Support Files/Pods-Ok Zoomer/Pods-Ok Zoomer-frameworks-${CONFIGURATION}-output-files.xcfilelist",
			);
			runOnlyForDeploymentPostprocessing = 0;
			shellPath = /bin/sh;
			shellScript = "\"${PODS_ROOT}/Target Support Files/Pods-Ok Zoomer/Pods-Ok Zoomer-frameworks.sh\"\n";
			showEnvVarsInLog = 0;
		};
/* End PBXShellScriptBuildPhase section */

/* Begin PBXSourcesBuildPhase section */
		F653AD47242EBF9B00AC1B27 /* Sources */ = {
			isa = PBXSourcesBuildPhase;
			buildActionMask = 2147483647;
			files = (
				F653AD4F242EBF9B00AC1B27 /* AppDelegate.swift in Sources */,
				F653AD54242EBF9B00AC1B27 /* Ok_Zoomer.xcdatamodeld in Sources */,
				F653AD56242EBF9B00AC1B27 /* ContentView.swift in Sources */,
				F653AD51242EBF9B00AC1B27 /* SceneDelegate.swift in Sources */,
			);
			runOnlyForDeploymentPostprocessing = 0;
		};
		F653AD60242EBF9E00AC1B27 /* Sources */ = {
			isa = PBXSourcesBuildPhase;
			buildActionMask = 2147483647;
			files = (
				F653AD69242EBF9E00AC1B27 /* Ok_ZoomerTests.swift in Sources */,
			);
			runOnlyForDeploymentPostprocessing = 0;
		};
		F653AD6B242EBF9E00AC1B27 /* Sources */ = {
			isa = PBXSourcesBuildPhase;
			buildActionMask = 2147483647;
			files = (
				F653AD74242EBF9E00AC1B27 /* Ok_ZoomerUITests.swift in Sources */,
			);
			runOnlyForDeploymentPostprocessing = 0;
		};
/* End PBXSourcesBuildPhase section */

/* Begin PBXTargetDependency section */
		F653AD66242EBF9E00AC1B27 /* PBXTargetDependency */ = {
			isa = PBXTargetDependency;
			target = F653AD4A242EBF9B00AC1B27 /* Ok Zoomer */;
			targetProxy = F653AD65242EBF9E00AC1B27 /* PBXContainerItemProxy */;
		};
		F653AD71242EBF9E00AC1B27 /* PBXTargetDependency */ = {
			isa = PBXTargetDependency;
			target = F653AD4A242EBF9B00AC1B27 /* Ok Zoomer */;
			targetProxy = F653AD70242EBF9E00AC1B27 /* PBXContainerItemProxy */;
		};
/* End PBXTargetDependency section */

/* Begin PBXVariantGroup section */
		F653AD5C242EBF9D00AC1B27 /* LaunchScreen.storyboard */ = {
			isa = PBXVariantGroup;
			children = (
				F653AD5D242EBF9D00AC1B27 /* Base */,
			);
			name = LaunchScreen.storyboard;
			sourceTree = "<group>";
		};
/* End PBXVariantGroup section */

/* Begin XCBuildConfiguration section */
		F653AD76242EBF9E00AC1B27 /* Debug */ = {
			isa = XCBuildConfiguration;
			buildSettings = {
				ALWAYS_SEARCH_USER_PATHS = NO;
				CLANG_ANALYZER_NONNULL = YES;
				CLANG_ANALYZER_NUMBER_OBJECT_CONVERSION = YES_AGGRESSIVE;
				CLANG_CXX_LANGUAGE_STANDARD = "gnu++14";
				CLANG_CXX_LIBRARY = "libc++";
				CLANG_ENABLE_MODULES = YES;
				CLANG_ENABLE_OBJC_ARC = YES;
				CLANG_ENABLE_OBJC_WEAK = YES;
				CLANG_WARN_BLOCK_CAPTURE_AUTORELEASING = YES;
				CLANG_WARN_BOOL_CONVERSION = YES;
				CLANG_WARN_COMMA = YES;
				CLANG_WARN_CONSTANT_CONVERSION = YES;
				CLANG_WARN_DEPRECATED_OBJC_IMPLEMENTATIONS = YES;
				CLANG_WARN_DIRECT_OBJC_ISA_USAGE = YES_ERROR;
				CLANG_WARN_DOCUMENTATION_COMMENTS = YES;
				CLANG_WARN_EMPTY_BODY = YES;
				CLANG_WARN_ENUM_CONVERSION = YES;
				CLANG_WARN_INFINITE_RECURSION = YES;
				CLANG_WARN_INT_CONVERSION = YES;
				CLANG_WARN_NON_LITERAL_NULL_CONVERSION = YES;
				CLANG_WARN_OBJC_IMPLICIT_RETAIN_SELF = YES;
				CLANG_WARN_OBJC_LITERAL_CONVERSION = YES;
				CLANG_WARN_OBJC_ROOT_CLASS = YES_ERROR;
				CLANG_WARN_RANGE_LOOP_ANALYSIS = YES;
				CLANG_WARN_STRICT_PROTOTYPES = YES;
				CLANG_WARN_SUSPICIOUS_MOVE = YES;
				CLANG_WARN_UNGUARDED_AVAILABILITY = YES_AGGRESSIVE;
				CLANG_WARN_UNREACHABLE_CODE = YES;
				CLANG_WARN__DUPLICATE_METHOD_MATCH = YES;
				COPY_PHASE_STRIP = NO;
				DEBUG_INFORMATION_FORMAT = dwarf;
				ENABLE_STRICT_OBJC_MSGSEND = YES;
				ENABLE_TESTABILITY = YES;
				GCC_C_LANGUAGE_STANDARD = gnu11;
				GCC_DYNAMIC_NO_PIC = NO;
				GCC_NO_COMMON_BLOCKS = YES;
				GCC_OPTIMIZATION_LEVEL = 0;
				GCC_PREPROCESSOR_DEFINITIONS = (
					"DEBUG=1",
					"$(inherited)",
				);
				GCC_WARN_64_TO_32_BIT_CONVERSION = YES;
				GCC_WARN_ABOUT_RETURN_TYPE = YES_ERROR;
				GCC_WARN_UNDECLARED_SELECTOR = YES;
				GCC_WARN_UNINITIALIZED_AUTOS = YES_AGGRESSIVE;
				GCC_WARN_UNUSED_FUNCTION = YES;
				GCC_WARN_UNUSED_VARIABLE = YES;
				IPHONEOS_DEPLOYMENT_TARGET = 13.2;
				MTL_ENABLE_DEBUG_INFO = INCLUDE_SOURCE;
				MTL_FAST_MATH = YES;
				ONLY_ACTIVE_ARCH = YES;
				SDKROOT = iphoneos;
				SWIFT_ACTIVE_COMPILATION_CONDITIONS = DEBUG;
				SWIFT_OPTIMIZATION_LEVEL = "-Onone";
			};
			name = Debug;
		};
		F653AD77242EBF9E00AC1B27 /* Release */ = {
			isa = XCBuildConfiguration;
			buildSettings = {
				ALWAYS_SEARCH_USER_PATHS = NO;
				CLANG_ANALYZER_NONNULL = YES;
				CLANG_ANALYZER_NUMBER_OBJECT_CONVERSION = YES_AGGRESSIVE;
				CLANG_CXX_LANGUAGE_STANDARD = "gnu++14";
				CLANG_CXX_LIBRARY = "libc++";
				CLANG_ENABLE_MODULES = YES;
				CLANG_ENABLE_OBJC_ARC = YES;
				CLANG_ENABLE_OBJC_WEAK = YES;
				CLANG_WARN_BLOCK_CAPTURE_AUTORELEASING = YES;
				CLANG_WARN_BOOL_CONVERSION = YES;
				CLANG_WARN_COMMA = YES;
				CLANG_WARN_CONSTANT_CONVERSION = YES;
				CLANG_WARN_DEPRECATED_OBJC_IMPLEMENTATIONS = YES;
				CLANG_WARN_DIRECT_OBJC_ISA_USAGE = YES_ERROR;
				CLANG_WARN_DOCUMENTATION_COMMENTS = YES;
				CLANG_WARN_EMPTY_BODY = YES;
				CLANG_WARN_ENUM_CONVERSION = YES;
				CLANG_WARN_INFINITE_RECURSION = YES;
				CLANG_WARN_INT_CONVERSION = YES;
				CLANG_WARN_NON_LITERAL_NULL_CONVERSION = YES;
				CLANG_WARN_OBJC_IMPLICIT_RETAIN_SELF = YES;
				CLANG_WARN_OBJC_LITERAL_CONVERSION = YES;
				CLANG_WARN_OBJC_ROOT_CLASS = YES_ERROR;
				CLANG_WARN_RANGE_LOOP_ANALYSIS = YES;
				CLANG_WARN_STRICT_PROTOTYPES = YES;
				CLANG_WARN_SUSPICIOUS_MOVE = YES;
				CLANG_WARN_UNGUARDED_AVAILABILITY = YES_AGGRESSIVE;
				CLANG_WARN_UNREACHABLE_CODE = YES;
				CLANG_WARN__DUPLICATE_METHOD_MATCH = YES;
				COPY_PHASE_STRIP = NO;
				DEBUG_INFORMATION_FORMAT = "dwarf-with-dsym";
				ENABLE_NS_ASSERTIONS = NO;
				ENABLE_STRICT_OBJC_MSGSEND = YES;
				GCC_C_LANGUAGE_STANDARD = gnu11;
				GCC_NO_COMMON_BLOCKS = YES;
				GCC_WARN_64_TO_32_BIT_CONVERSION = YES;
				GCC_WARN_ABOUT_RETURN_TYPE = YES_ERROR;
				GCC_WARN_UNDECLARED_SELECTOR = YES;
				GCC_WARN_UNINITIALIZED_AUTOS = YES_AGGRESSIVE;
				GCC_WARN_UNUSED_FUNCTION = YES;
				GCC_WARN_UNUSED_VARIABLE = YES;
				IPHONEOS_DEPLOYMENT_TARGET = 13.2;
				MTL_ENABLE_DEBUG_INFO = NO;
				MTL_FAST_MATH = YES;
				SDKROOT = iphoneos;
				SWIFT_COMPILATION_MODE = wholemodule;
				SWIFT_OPTIMIZATION_LEVEL = "-O";
				VALIDATE_PRODUCT = YES;
			};
			name = Release;
		};
		F653AD79242EBF9E00AC1B27 /* Debug */ = {
			isa = XCBuildConfiguration;
			baseConfigurationReference = 00FBBC3079DF47D589E67407 /* Pods-Ok Zoomer.debug.xcconfig */;
			buildSettings = {
				ASSETCATALOG_COMPILER_APPICON_NAME = AppIcon;
				CODE_SIGN_STYLE = Automatic;
				DEVELOPMENT_ASSET_PATHS = "\"Ok Zoomer/Preview Content\"";
				DEVELOPMENT_TEAM = Q7TC672PPY;
				ENABLE_PREVIEWS = YES;
				INFOPLIST_FILE = "Ok Zoomer/Info.plist";
				LD_RUNPATH_SEARCH_PATHS = (
					"$(inherited)",
					"@executable_path/Frameworks",
				);
				PRODUCT_BUNDLE_IDENTIFIER = com.pdg.okZoomer;
				PRODUCT_NAME = "$(TARGET_NAME)";
				SWIFT_VERSION = 5.0;
				TARGETED_DEVICE_FAMILY = 1;
			};
			name = Debug;
		};
		F653AD7A242EBF9E00AC1B27 /* Release */ = {
			isa = XCBuildConfiguration;
			baseConfigurationReference = 0FA2A837209B6588E32EE852 /* Pods-Ok Zoomer.release.xcconfig */;
			buildSettings = {
				ASSETCATALOG_COMPILER_APPICON_NAME = AppIcon;
				CODE_SIGN_STYLE = Automatic;
				DEVELOPMENT_ASSET_PATHS = "\"Ok Zoomer/Preview Content\"";
				DEVELOPMENT_TEAM = Q7TC672PPY;
				ENABLE_PREVIEWS = YES;
				INFOPLIST_FILE = "Ok Zoomer/Info.plist";
				LD_RUNPATH_SEARCH_PATHS = (
					"$(inherited)",
					"@executable_path/Frameworks",
				);
				PRODUCT_BUNDLE_IDENTIFIER = com.pdg.okZoomer;
				PRODUCT_NAME = "$(TARGET_NAME)";
				SWIFT_VERSION = 5.0;
				TARGETED_DEVICE_FAMILY = 1;
			};
			name = Release;
		};
		F653AD7C242EBF9E00AC1B27 /* Debug */ = {
			isa = XCBuildConfiguration;
			baseConfigurationReference = B00ED82B091DCECEF905551F /* Pods-Ok ZoomerTests.debug.xcconfig */;
			buildSettings = {
				ALWAYS_EMBED_SWIFT_STANDARD_LIBRARIES = YES;
				BUNDLE_LOADER = "$(TEST_HOST)";
				CODE_SIGN_STYLE = Automatic;
				DEVELOPMENT_TEAM = Q7TC672PPY;
				INFOPLIST_FILE = "Ok ZoomerTests/Info.plist";
				IPHONEOS_DEPLOYMENT_TARGET = 13.2;
				LD_RUNPATH_SEARCH_PATHS = (
					"$(inherited)",
					"@executable_path/Frameworks",
					"@loader_path/Frameworks",
				);
				PRODUCT_BUNDLE_IDENTIFIER = "Max-Gillespie.Ok-ZoomerTests";
				PRODUCT_NAME = "$(TARGET_NAME)";
				SWIFT_VERSION = 5.0;
				TARGETED_DEVICE_FAMILY = "1,2";
				TEST_HOST = "$(BUILT_PRODUCTS_DIR)/Ok Zoomer.app/Ok Zoomer";
			};
			name = Debug;
		};
		F653AD7D242EBF9E00AC1B27 /* Release */ = {
			isa = XCBuildConfiguration;
			baseConfigurationReference = 5E77376E9BDF08076A9E9B1A /* Pods-Ok ZoomerTests.release.xcconfig */;
			buildSettings = {
				ALWAYS_EMBED_SWIFT_STANDARD_LIBRARIES = YES;
				BUNDLE_LOADER = "$(TEST_HOST)";
				CODE_SIGN_STYLE = Automatic;
				DEVELOPMENT_TEAM = Q7TC672PPY;
				INFOPLIST_FILE = "Ok ZoomerTests/Info.plist";
				IPHONEOS_DEPLOYMENT_TARGET = 13.2;
				LD_RUNPATH_SEARCH_PATHS = (
					"$(inherited)",
					"@executable_path/Frameworks",
					"@loader_path/Frameworks",
				);
				PRODUCT_BUNDLE_IDENTIFIER = "Max-Gillespie.Ok-ZoomerTests";
				PRODUCT_NAME = "$(TARGET_NAME)";
				SWIFT_VERSION = 5.0;
				TARGETED_DEVICE_FAMILY = "1,2";
				TEST_HOST = "$(BUILT_PRODUCTS_DIR)/Ok Zoomer.app/Ok Zoomer";
			};
			name = Release;
		};
		F653AD7F242EBF9E00AC1B27 /* Debug */ = {
			isa = XCBuildConfiguration;
			baseConfigurationReference = A28D90EE40C8F62677D9AEF8 /* Pods-Ok Zoomer-Ok ZoomerUITests.debug.xcconfig */;
			buildSettings = {
				ALWAYS_EMBED_SWIFT_STANDARD_LIBRARIES = YES;
				CODE_SIGN_STYLE = Automatic;
				DEVELOPMENT_TEAM = Q7TC672PPY;
				INFOPLIST_FILE = "Ok ZoomerUITests/Info.plist";
				LD_RUNPATH_SEARCH_PATHS = (
					"$(inherited)",
					"@executable_path/Frameworks",
					"@loader_path/Frameworks",
				);
				PRODUCT_BUNDLE_IDENTIFIER = "Max-Gillespie.Ok-ZoomerUITests";
				PRODUCT_NAME = "$(TARGET_NAME)";
				SWIFT_VERSION = 5.0;
				TARGETED_DEVICE_FAMILY = "1,2";
				TEST_TARGET_NAME = "Ok Zoomer";
			};
			name = Debug;
		};
		F653AD80242EBF9E00AC1B27 /* Release */ = {
			isa = XCBuildConfiguration;
			baseConfigurationReference = 115D195AFD607A72D0362AF4 /* Pods-Ok Zoomer-Ok ZoomerUITests.release.xcconfig */;
			buildSettings = {
				ALWAYS_EMBED_SWIFT_STANDARD_LIBRARIES = YES;
				CODE_SIGN_STYLE = Automatic;
				DEVELOPMENT_TEAM = Q7TC672PPY;
				INFOPLIST_FILE = "Ok ZoomerUITests/Info.plist";
				LD_RUNPATH_SEARCH_PATHS = (
					"$(inherited)",
					"@executable_path/Frameworks",
					"@loader_path/Frameworks",
				);
				PRODUCT_BUNDLE_IDENTIFIER = "Max-Gillespie.Ok-ZoomerUITests";
				PRODUCT_NAME = "$(TARGET_NAME)";
				SWIFT_VERSION = 5.0;
				TARGETED_DEVICE_FAMILY = "1,2";
				TEST_TARGET_NAME = "Ok Zoomer";
			};
			name = Release;
		};
/* End XCBuildConfiguration section */

/* Begin XCConfigurationList section */
		F653AD46242EBF9B00AC1B27 /* Build configuration list for PBXProject "Ok Zoomer" */ = {
			isa = XCConfigurationList;
			buildConfigurations = (
				F653AD76242EBF9E00AC1B27 /* Debug */,
				F653AD77242EBF9E00AC1B27 /* Release */,
			);
			defaultConfigurationIsVisible = 0;
			defaultConfigurationName = Release;
		};
		F653AD78242EBF9E00AC1B27 /* Build configuration list for PBXNativeTarget "Ok Zoomer" */ = {
			isa = XCConfigurationList;
			buildConfigurations = (
				F653AD79242EBF9E00AC1B27 /* Debug */,
				F653AD7A242EBF9E00AC1B27 /* Release */,
			);
			defaultConfigurationIsVisible = 0;
			defaultConfigurationName = Release;
		};
		F653AD7B242EBF9E00AC1B27 /* Build configuration list for PBXNativeTarget "Ok ZoomerTests" */ = {
			isa = XCConfigurationList;
			buildConfigurations = (
				F653AD7C242EBF9E00AC1B27 /* Debug */,
				F653AD7D242EBF9E00AC1B27 /* Release */,
			);
			defaultConfigurationIsVisible = 0;
			defaultConfigurationName = Release;
		};
		F653AD7E242EBF9E00AC1B27 /* Build configuration list for PBXNativeTarget "Ok ZoomerUITests" */ = {
			isa = XCConfigurationList;
			buildConfigurations = (
				F653AD7F242EBF9E00AC1B27 /* Debug */,
				F653AD80242EBF9E00AC1B27 /* Release */,
			);
			defaultConfigurationIsVisible = 0;
			defaultConfigurationName = Release;
		};
/* End XCConfigurationList section */

/* Begin XCVersionGroup section */
		F653AD52242EBF9B00AC1B27 /* Ok_Zoomer.xcdatamodeld */ = {
			isa = XCVersionGroup;
			children = (
				F653AD53242EBF9B00AC1B27 /* Ok_Zoomer.xcdatamodel */,
			);
			currentVersion = F653AD53242EBF9B00AC1B27 /* Ok_Zoomer.xcdatamodel */;
			path = Ok_Zoomer.xcdatamodeld;
			sourceTree = "<group>";
			versionGroupType = wrapper.xcdatamodel;
		};
/* End XCVersionGroup section */
	};
	rootObject = F653AD43242EBF9B00AC1B27 /* Project object */;
}
